
Microsoft Visual Studio Solution File, Format Version 12.00
# Visual Studio Version 17
VisualStudioVersion = 17.2.32630.192
MinimumVisualStudioVersion = 10.0.40219.1
Project("{9A19103F-16F7-4668-BE54-9A1E7A4F7556}") = "R5T.T0189", "R5T.T0189\R5T.T0189.csproj", "{7F63B502-F865-49F5-B61C-B53054BFC137}"
EndProject
Project("{2150E333-8FDC-42A3-9474-1A3956D46DE8}") = "_Dependencies", "_Dependencies", "{E42FE3A5-6816-41A4-BE69-ED9FEB6A9208}"
EndProject
Project("{9A19103F-16F7-4668-BE54-9A1E7A4F7556}") = "R5T.T0132", "..\..\R5T.T0132\source\R5T.T0132\R5T.T0132.csproj", "{33D270A0-5B40-4690-B6A3-D55513C1D515}"
EndProject
Project("{9A19103F-16F7-4668-BE54-9A1E7A4F7556}") = "R5T.T0143", "..\..\R5T.T0143\source\R5T.T0143\R5T.T0143.csproj", "{43568079-49A9-4E75-BE7E-DABF984BE7CC}"
EndProject
Project("{9A19103F-16F7-4668-BE54-9A1E7A4F7556}") = "R5T.T0178", "..\..\R5T.T0178\source\R5T.T0178\R5T.T0178.csproj", "{A8C5429E-F555-4F81-99FC-2CF96874BE63}"
EndProject
Project("{9A19103F-16F7-4668-BE54-9A1E7A4F7556}") = "R5T.T0179", "..\..\R5T.T0179\source\R5T.T0179\R5T.T0179.csproj", "{92A166C1-1EEB-4A6C-9F3E-79EFB90D6052}"
EndProject
Project("{9A19103F-16F7-4668-BE54-9A1E7A4F7556}") = "R5T.T0180", "..\..\R5T.T0180\source\R5T.T0180\R5T.T0180.csproj", "{EA1ACBB2-ED0D-4021-AE9B-3828B43E85B2}"
EndProject
Global
	GlobalSection(NestedProjects) = preSolution
		{33D270A0-5B40-4690-B6A3-D55513C1D515} = {E42FE3A5-6816-41A4-BE69-ED9FEB6A9208}
		{43568079-49A9-4E75-BE7E-DABF984BE7CC} = {E42FE3A5-6816-41A4-BE69-ED9FEB6A9208}
		{A8C5429E-F555-4F81-99FC-2CF96874BE63} = {E42FE3A5-6816-41A4-BE69-ED9FEB6A9208}
		{92A166C1-1EEB-4A6C-9F3E-79EFB90D6052} = {E42FE3A5-6816-41A4-BE69-ED9FEB6A9208}
		{EA1ACBB2-ED0D-4021-AE9B-3828B43E85B2} = {E42FE3A5-6816-41A4-BE69-ED9FEB6A9208}
	EndGlobalSection
	GlobalSection(SolutionConfigurationPlatforms) = preSolution
		Debug|Any CPU = Debug|Any CPU
		Release|Any CPU = Release|Any CPU
	EndGlobalSection
	GlobalSection(ProjectConfigurationPlatforms) = postSolution
		{7F63B502-F865-49F5-B61C-B53054BFC137}.Debug|Any CPU.ActiveCfg = Debug|Any CPU
		{7F63B502-F865-49F5-B61C-B53054BFC137}.Debug|Any CPU.Build.0 = Debug|Any CPU
		{7F63B502-F865-49F5-B61C-B53054BFC137}.Release|Any CPU.ActiveCfg = Release|Any CPU
		{7F63B502-F865-49F5-B61C-B53054BFC137}.Release|Any CPU.Build.0 = Release|Any CPU
		{33D270A0-5B40-4690-B6A3-D55513C1D515}.Debug|Any CPU.ActiveCfg = Debug|Any CPU
		{33D270A0-5B40-4690-B6A3-D55513C1D515}.Debug|Any CPU.Build.0 = Debug|Any CPU
		{33D270A0-5B40-4690-B6A3-D55513C1D515}.Release|Any CPU.ActiveCfg = Release|Any CPU
		{33D270A0-5B40-4690-B6A3-D55513C1D515}.Release|Any CPU.Build.0 = Release|Any CPU
		{43568079-49A9-4E75-BE7E-DABF984BE7CC}.Debug|Any CPU.ActiveCfg = Debug|Any CPU
		{43568079-49A9-4E75-BE7E-DABF984BE7CC}.Debug|Any CPU.Build.0 = Debug|Any CPU
		{43568079-49A9-4E75-BE7E-DABF984BE7CC}.Release|Any CPU.ActiveCfg = Release|Any CPU
		{43568079-49A9-4E75-BE7E-DABF984BE7CC}.Release|Any CPU.Build.0 = Release|Any CPU
		{A8C5429E-F555-4F81-99FC-2CF96874BE63}.Debug|Any CPU.ActiveCfg = Debug|Any CPU
		{A8C5429E-F555-4F81-99FC-2CF96874BE63}.Debug|Any CPU.Build.0 = Debug|Any CPU
		{A8C5429E-F555-4F81-99FC-2CF96874BE63}.Release|Any CPU.ActiveCfg = Release|Any CPU
		{A8C5429E-F555-4F81-99FC-2CF96874BE63}.Release|Any CPU.Build.0 = Release|Any CPU
		{92A166C1-1EEB-4A6C-9F3E-79EFB90D6052}.Debug|Any CPU.ActiveCfg = Debug|Any CPU
		{92A166C1-1EEB-4A6C-9F3E-79EFB90D6052}.Debug|Any CPU.Build.0 = Debug|Any CPU
		{92A166C1-1EEB-4A6C-9F3E-79EFB90D6052}.Release|Any CPU.ActiveCfg = Release|Any CPU
		{92A166C1-1EEB-4A6C-9F3E-79EFB90D6052}.Release|Any CPU.Build.0 = Release|Any CPU
		{EA1ACBB2-ED0D-4021-AE9B-3828B43E85B2}.Debug|Any CPU.ActiveCfg = Debug|Any CPU
		{EA1ACBB2-ED0D-4021-AE9B-3828B43E85B2}.Debug|Any CPU.Build.0 = Debug|Any CPU
		{EA1ACBB2-ED0D-4021-AE9B-3828B43E85B2}.Release|Any CPU.ActiveCfg = Release|Any CPU
		{EA1ACBB2-ED0D-4021-AE9B-3828B43E85B2}.Release|Any CPU.Build.0 = Release|Any CPU
	EndGlobalSection
	GlobalSection(SolutionProperties) = preSolution
		HideSolutionNode = FALSE
	EndGlobalSection
	GlobalSection(ExtensibilityGlobals) = postSolution
		SolutionGuid = {ADCE6C78-F744-42B6-8D18-90D5836FDC5C}
	EndGlobalSection
EndGlobal
