
Microsoft Visual Studio Solution File, Format Version 12.00
# Visual Studio Version 17
VisualStudioVersion = 17.2.32630.192
MinimumVisualStudioVersion = 10.0.40219.1
Project("{9A19103F-16F7-4668-BE54-9A1E7A4F7556}") = "R5T.T0189.Construction", "R5T.T0189.Construction\R5T.T0189.Construction.csproj", "{805C91E5-D65A-42C5-B65B-35027D660803}"
EndProject
Project("{9A19103F-16F7-4668-BE54-9A1E7A4F7556}") = "R5T.T0189", "R5T.T0189\R5T.T0189.csproj", "{15629510-806D-4758-B892-AB69EA2B945F}"
EndProject
Project("{2150E333-8FDC-42A3-9474-1A3956D46DE8}") = "_Dependencies", "_Dependencies", "{D37ED84B-9623-4F73-9FDC-1282B15E0889}"
EndProject
Project("{9A19103F-16F7-4668-BE54-9A1E7A4F7556}") = "R5T.T0132", "..\..\R5T.T0132\source\R5T.T0132\R5T.T0132.csproj", "{44A4A0A6-F2DE-4E52-B520-E53DE6EF0A65}"
EndProject
Project("{9A19103F-16F7-4668-BE54-9A1E7A4F7556}") = "R5T.T0143", "..\..\R5T.T0143\source\R5T.T0143\R5T.T0143.csproj", "{4B8D2E0E-BB8A-4657-85E2-68BECA4BE307}"
EndProject
Project("{9A19103F-16F7-4668-BE54-9A1E7A4F7556}") = "R5T.T0178", "..\..\R5T.T0178\source\R5T.T0178\R5T.T0178.csproj", "{7C1F9177-DF48-47CD-8746-6522A71C0CA7}"
EndProject
Project("{9A19103F-16F7-4668-BE54-9A1E7A4F7556}") = "R5T.T0179", "..\..\R5T.T0179\source\R5T.T0179\R5T.T0179.csproj", "{B6C42588-AF17-4045-BFEB-80FFFF12277B}"
EndProject
Project("{9A19103F-16F7-4668-BE54-9A1E7A4F7556}") = "R5T.T0180", "..\..\R5T.T0180\source\R5T.T0180\R5T.T0180.csproj", "{3B63364A-BE3B-44D2-BF64-2DF315854E4B}"
EndProject
Global
	GlobalSection(NestedProjects) = preSolution
		{44A4A0A6-F2DE-4E52-B520-E53DE6EF0A65} = {D37ED84B-9623-4F73-9FDC-1282B15E0889}
		{4B8D2E0E-BB8A-4657-85E2-68BECA4BE307} = {D37ED84B-9623-4F73-9FDC-1282B15E0889}
		{7C1F9177-DF48-47CD-8746-6522A71C0CA7} = {D37ED84B-9623-4F73-9FDC-1282B15E0889}
		{B6C42588-AF17-4045-BFEB-80FFFF12277B} = {D37ED84B-9623-4F73-9FDC-1282B15E0889}
		{3B63364A-BE3B-44D2-BF64-2DF315854E4B} = {D37ED84B-9623-4F73-9FDC-1282B15E0889}
	EndGlobalSection
	GlobalSection(SolutionConfigurationPlatforms) = preSolution
		Debug|Any CPU = Debug|Any CPU
		Release|Any CPU = Release|Any CPU
	EndGlobalSection
	GlobalSection(ProjectConfigurationPlatforms) = postSolution
		{805C91E5-D65A-42C5-B65B-35027D660803}.Debug|Any CPU.ActiveCfg = Debug|Any CPU
		{805C91E5-D65A-42C5-B65B-35027D660803}.Debug|Any CPU.Build.0 = Debug|Any CPU
		{805C91E5-D65A-42C5-B65B-35027D660803}.Release|Any CPU.ActiveCfg = Release|Any CPU
		{805C91E5-D65A-42C5-B65B-35027D660803}.Release|Any CPU.Build.0 = Release|Any CPU
		{15629510-806D-4758-B892-AB69EA2B945F}.Debug|Any CPU.ActiveCfg = Debug|Any CPU
		{15629510-806D-4758-B892-AB69EA2B945F}.Debug|Any CPU.Build.0 = Debug|Any CPU
		{15629510-806D-4758-B892-AB69EA2B945F}.Release|Any CPU.ActiveCfg = Release|Any CPU
		{15629510-806D-4758-B892-AB69EA2B945F}.Release|Any CPU.Build.0 = Release|Any CPU
		{44A4A0A6-F2DE-4E52-B520-E53DE6EF0A65}.Debug|Any CPU.ActiveCfg = Debug|Any CPU
		{44A4A0A6-F2DE-4E52-B520-E53DE6EF0A65}.Debug|Any CPU.Build.0 = Debug|Any CPU
		{44A4A0A6-F2DE-4E52-B520-E53DE6EF0A65}.Release|Any CPU.ActiveCfg = Release|Any CPU
		{44A4A0A6-F2DE-4E52-B520-E53DE6EF0A65}.Release|Any CPU.Build.0 = Release|Any CPU
		{4B8D2E0E-BB8A-4657-85E2-68BECA4BE307}.Debug|Any CPU.ActiveCfg = Debug|Any CPU
		{4B8D2E0E-BB8A-4657-85E2-68BECA4BE307}.Debug|Any CPU.Build.0 = Debug|Any CPU
		{4B8D2E0E-BB8A-4657-85E2-68BECA4BE307}.Release|Any CPU.ActiveCfg = Release|Any CPU
		{4B8D2E0E-BB8A-4657-85E2-68BECA4BE307}.Release|Any CPU.Build.0 = Release|Any CPU
		{7C1F9177-DF48-47CD-8746-6522A71C0CA7}.Debug|Any CPU.ActiveCfg = Debug|Any CPU
		{7C1F9177-DF48-47CD-8746-6522A71C0CA7}.Debug|Any CPU.Build.0 = Debug|Any CPU
		{7C1F9177-DF48-47CD-8746-6522A71C0CA7}.Release|Any CPU.ActiveCfg = Release|Any CPU
		{7C1F9177-DF48-47CD-8746-6522A71C0CA7}.Release|Any CPU.Build.0 = Release|Any CPU
		{B6C42588-AF17-4045-BFEB-80FFFF12277B}.Debug|Any CPU.ActiveCfg = Debug|Any CPU
		{B6C42588-AF17-4045-BFEB-80FFFF12277B}.Debug|Any CPU.Build.0 = Debug|Any CPU
		{B6C42588-AF17-4045-BFEB-80FFFF12277B}.Release|Any CPU.ActiveCfg = Release|Any CPU
		{B6C42588-AF17-4045-BFEB-80FFFF12277B}.Release|Any CPU.Build.0 = Release|Any CPU
		{3B63364A-BE3B-44D2-BF64-2DF315854E4B}.Debug|Any CPU.ActiveCfg = Debug|Any CPU
		{3B63364A-BE3B-44D2-BF64-2DF315854E4B}.Debug|Any CPU.Build.0 = Debug|Any CPU
		{3B63364A-BE3B-44D2-BF64-2DF315854E4B}.Release|Any CPU.ActiveCfg = Release|Any CPU
		{3B63364A-BE3B-44D2-BF64-2DF315854E4B}.Release|Any CPU.Build.0 = Release|Any CPU
	EndGlobalSection
	GlobalSection(SolutionProperties) = preSolution
		HideSolutionNode = FALSE
	EndGlobalSection
	GlobalSection(ExtensibilityGlobals) = postSolution
		SolutionGuid = {DEE824BF-76C1-4F90-A052-9064BD986A50}
	EndGlobalSection
EndGlobal
